{
  "version": 4,
  "terraform_version": "1.0.9",
  "serial": 15,
  "lineage": "b3c8a63e-60aa-65ae-b4d6-6d2c80e97b1b",
  "outputs": {
    "ipv4": {
      "value": "49.12.192.135",
      "type": "string"
    }
  },
  "resources": [
    {
      "mode": "managed",
      "type": "hcloud_server",
      "name": "terraform",
      "provider": "provider[\"registry.terraform.io/hetznercloud/hcloud\"]",
      "instances": [
        {
          "schema_version": 0,
          "attributes": {
            "backup_window": "",
            "backups": false,
            "datacenter": "nbg1-dc3",
            "delete_protection": false,
            "firewall_ids": [],
            "id": "15445187",
            "image": "ubuntu-18.04",
            "ipv4_address": "49.12.192.135",
            "ipv6_address": "2a01:4f8:c0c:957f::1",
            "ipv6_network": "2a01:4f8:c0c:957f::/64",
            "iso": null,
            "keep_disk": false,
            "labels": {},
            "location": "nbg1",
            "name": "terraform",
            "network": [],
            "placement_group_id": null,
            "rebuild_protection": false,
            "rescue": null,
            "server_type": "cpx21",
            "ssh_keys": [
              "Terraform",
              "samira"
            ],
            "status": "running",
            "timeouts": null,
            "user_data": null
          },
          "sensitive_attributes": [],
          "private": "eyJlMmJmYjczMC1lY2FhLTExZTYtOGY4OC0zNDM2M2JjN2M0YzAiOnsiY3JlYXRlIjo1NDAwMDAwMDAwMDAwfX0="
        }
      ]
    },
    {
      "mode": "managed",
      "type": "hcloud_ssh_key",
      "name": "default",
      "provider": "provider[\"registry.terraform.io/hetznercloud/hcloud\"]",
      "instances": [
        {
          "schema_version": 0,
          "attributes": {
            "fingerprint": "6e:dd:4a:83:5a:a9:c5:5d:90:2a:a2:8b:c1:bc:01:de",
            "id": "4688198",
            "labels": {},
            "name": "Terraform",
            "public_key": "ssh-rsa AAAAB3NzaC1yc2EAAAADAQABAAABAQDiPuMaZJjGf0DLQ8kG5Nhg4BpJQPaHFy9BiwhYP4f6Da4SU1nyAk29jo/W2jEPwIkGWarcDYI0p48m+ztKBgvoFOEyKFj8mjE+FLx75ZGOS2IPR3vNpVNFqrJd/vJ0JBvT46RtKU8+dUIKjTuKrpTBN8qHZqedoPNvXX2CiYp1xE8MjF+q9Aog9kpLuga9TjvtPEDObiDB1bMghCISEpwUv0XT65OnmSjUuk4kdsY3usG784b8uZDxVf6Zzx4vmo4b3tqoou0yZzzDAY2b3z3HMo+q00S8LWEAl7V2A9dI1BsmJhGQoMX+uvxfudnezoxf7VTXWq4K0TVHpRWhYEx5 samira@Samira-kafka-connect\n"
          },
          "sensitive_attributes": [],
          "private": "bnVsbA=="
        }
      ]
    }
  ]
}
