{
  "version": 4,
  "terraform_version": "1.0.9",
  "serial": 38,
  "lineage": "6a79a059-b62e-a7d5-0226-02e2137b8d63",
  "outputs": {},
  "resources": [
    {
      "mode": "managed",
      "type": "hcloud_network",
      "name": "privNet",
      "provider": "provider[\"registry.terraform.io/hetznercloud/hcloud\"]",
      "instances": [
        {
          "schema_version": 0,
          "attributes": {
            "delete_protection": false,
            "id": "1252802",
            "ip_range": "172.16.100.0/24",
            "labels": {},
            "name": "terraform-net"
          },
          "sensitive_attributes": [],
          "private": "bnVsbA=="
        }
      ]
    },
    {
      "mode": "managed",
      "type": "hcloud_network_subnet",
      "name": "network-subnet",
      "provider": "provider[\"registry.terraform.io/hetznercloud/hcloud\"]",
      "instances": [
        {
          "schema_version": 0,
          "attributes": {
            "gateway": "172.16.100.1",
            "id": "1252802-172.16.100.0/28",
            "ip_range": "172.16.100.0/28",
            "network_id": 1252802,
            "network_zone": "eu-central",
            "type": "cloud",
            "vswitch_id": null
          },
          "sensitive_attributes": [],
          "private": "bnVsbA==",
          "dependencies": [
            "hcloud_network.privNet"
          ]
        }
      ]
    },
    {
      "mode": "managed",
      "type": "hcloud_server",
      "name": "terraform",
      "provider": "provider[\"registry.terraform.io/hetznercloud/hcloud\"]",
      "instances": [
        {
          "index_key": 0,
          "schema_version": 0,
          "attributes": {
            "backup_window": "",
            "backups": false,
            "datacenter": "nbg1-dc3",
            "delete_protection": false,
            "firewall_ids": [],
            "id": "15636205",
            "image": "ubuntu-18.04",
            "ipv4_address": "49.12.192.135",
            "ipv6_address": "2a01:4f8:c0c:957f::1",
            "ipv6_network": "2a01:4f8:c0c:957f::/64",
            "iso": null,
            "keep_disk": false,
            "labels": null,
            "location": "nbg1",
            "name": "terraform-1",
            "network": [
              {
                "alias_ips": [],
                "ip": "172.16.100.2",
                "mac_address": "86:00:00:ec:82:0b",
                "network_id": 1252802
              }
            ],
            "placement_group_id": null,
            "rebuild_protection": false,
            "rescue": null,
            "server_type": "cx11",
            "ssh_keys": [
              "Terraform",
              "samira"
            ],
            "status": "running",
            "timeouts": null,
            "user_data": null
          },
          "sensitive_attributes": [],
          "private": "eyJlMmJmYjczMC1lY2FhLTExZTYtOGY4OC0zNDM2M2JjN2M0YzAiOnsiY3JlYXRlIjo1NDAwMDAwMDAwMDAwfX0=",
          "dependencies": [
            "hcloud_network.privNet"
          ]
        },
        {
          "index_key": 1,
          "schema_version": 0,
          "attributes": {
            "backup_window": "",
            "backups": false,
            "datacenter": "nbg1-dc3",
            "delete_protection": false,
            "firewall_ids": [],
            "id": "15636206",
            "image": "ubuntu-18.04",
            "ipv4_address": "88.99.185.225",
            "ipv6_address": "2a01:4f8:c2c:a711::1",
            "ipv6_network": "2a01:4f8:c2c:a711::/64",
            "iso": null,
            "keep_disk": false,
            "labels": null,
            "location": "nbg1",
            "name": "terraform-2",
            "network": [
              {
                "alias_ips": [],
                "ip": "172.16.100.3",
                "mac_address": "86:00:00:ec:82:0c",
                "network_id": 1252802
              }
            ],
            "placement_group_id": null,
            "rebuild_protection": false,
            "rescue": null,
            "server_type": "cx11",
            "ssh_keys": [
              "Terraform",
              "samira"
            ],
            "status": "running",
            "timeouts": null,
            "user_data": null
          },
          "sensitive_attributes": [],
          "private": "eyJlMmJmYjczMC1lY2FhLTExZTYtOGY4OC0zNDM2M2JjN2M0YzAiOnsiY3JlYXRlIjo1NDAwMDAwMDAwMDAwfX0=",
          "dependencies": [
            "hcloud_network.privNet"
          ]
        }
      ]
    },
    {
      "mode": "managed",
      "type": "hcloud_ssh_key",
      "name": "default",
      "provider": "provider[\"registry.terraform.io/hetznercloud/hcloud\"]",
      "instances": [
        {
          "schema_version": 0,
          "attributes": {
            "fingerprint": "6e:dd:4a:83:5a:a9:c5:5d:90:2a:a2:8b:c1:bc:01:de",
            "id": "4724800",
            "labels": {},
            "name": "Terraform",
            "public_key": "ssh-rsa AAAAB3NzaC1yc2EAAAADAQABAAABAQDiPuMaZJjGf0DLQ8kG5Nhg4BpJQPaHFy9BiwhYP4f6Da4SU1nyAk29jo/W2jEPwIkGWarcDYI0p48m+ztKBgvoFOEyKFj8mjE+FLx75ZGOS2IPR3vNpVNFqrJd/vJ0JBvT46RtKU8+dUIKjTuKrpTBN8qHZqedoPNvXX2CiYp1xE8MjF+q9Aog9kpLuga9TjvtPEDObiDB1bMghCISEpwUv0XT65OnmSjUuk4kdsY3usG784b8uZDxVf6Zzx4vmo4b3tqoou0yZzzDAY2b3z3HMo+q00S8LWEAl7V2A9dI1BsmJhGQoMX+uvxfudnezoxf7VTXWq4K0TVHpRWhYEx5 samira@Samira-kafka-connect\n"
          },
          "sensitive_attributes": [],
          "private": "bnVsbA=="
        }
      ]
    }
  ]
}
